{
  "name": "microservices",
  "version": "1.0.0",
  "lockfileVersion": 1,
  "requires": true,
  "dependencies": {
    "@types/body-parser": {
      "version": "1.17.0",
      "resolved": "https://registry.npmjs.org/@types/body-parser/-/body-parser-1.17.0.tgz",
      "integrity": "sha512-a2+YeUjPkztKJu5aIF2yArYFQQp8d51wZ7DavSHjFuY1mqVgidGyzEQ41JIVNy82fXj8yPgy2vJmfIywgESW6w==",
      "dev": true,
      "requires": {
        "@types/connect": "3.4.32",
        "@types/node": "10.0.0"
      }
    },
    "@types/connect": {
      "version": "3.4.32",
      "resolved": "https://registry.npmjs.org/@types/connect/-/connect-3.4.32.tgz",
      "integrity": "sha512-4r8qa0quOvh7lGD0pre62CAb1oni1OO6ecJLGCezTmhQ8Fz50Arx9RUszryR8KlgK6avuSXvviL6yWyViQABOg==",
      "dev": true,
      "requires": {
        "@types/node": "10.0.0"
      }
    },
    "@types/errorhandler": {
      "version": "0.0.32",
      "resolved": "https://registry.npmjs.org/@types/errorhandler/-/errorhandler-0.0.32.tgz",
      "integrity": "sha512-wC9CfwPMIzklPd5lEYC8HnQdlMC1PswlohWmEDMWlw+E/rMYuz5eSqKBc72Earb29KptKJrRl77qVRJzrZndww==",
      "dev": true,
      "requires": {
        "@types/express": "4.11.1"
      }
    },
    "@types/events": {
      "version": "1.2.0",
      "resolved": "https://registry.npmjs.org/@types/events/-/events-1.2.0.tgz",
      "integrity": "sha512-KEIlhXnIutzKwRbQkGWb/I4HFqBuUykAdHgDED6xqwXJfONCjF5VoE0cXEiurh3XauygxzeDzgtXUqvLkxFzzA==",
      "dev": true
    },
    "@types/express": {
      "version": "4.11.1",
      "resolved": "https://registry.npmjs.org/@types/express/-/express-4.11.1.tgz",
      "integrity": "sha512-ttWle8cnPA5rAelauSWeWJimtY2RsUf2aspYZs7xPHiWgOlPn6nnUfBMtrkcnjFJuIHJF4gNOdVvpLK2Zmvh6g==",
      "dev": true,
      "requires": {
        "@types/body-parser": "1.17.0",
        "@types/express-serve-static-core": "4.11.1",
        "@types/serve-static": "1.13.1"
      }
    },
    "@types/express-serve-static-core": {
      "version": "4.11.1",
      "resolved": "https://registry.npmjs.org/@types/express-serve-static-core/-/express-serve-static-core-4.11.1.tgz",
      "integrity": "sha512-EehCl3tpuqiM8RUb+0255M8PhhSwTtLfmO7zBBdv0ay/VTd/zmrqDfQdZFsa5z/PVMbH2yCMZPXsnrImpATyIw==",
      "dev": true,
      "requires": {
        "@types/events": "1.2.0",
        "@types/node": "10.0.0"
      }
    },
    "@types/mime": {
      "version": "2.0.0",
      "resolved": "https://registry.npmjs.org/@types/mime/-/mime-2.0.0.tgz",
      "integrity": "sha512-A2TAGbTFdBw9azHbpVd+/FkdW2T6msN1uct1O9bH3vTerEHKZhTXJUQXy+hNq1B0RagfU8U+KBdqiZpxjhOUQA==",
      "dev": true
    },
    "@types/node": {
      "version": "10.0.0",
      "resolved": "https://registry.npmjs.org/@types/node/-/node-10.0.0.tgz",
      "integrity": "sha512-kctoM36XiNZT86a7tPsUje+Q/yl+dqELjtYApi0T5eOQ90Elhu0MI10rmYk44yEP4v1jdDvtjQ9DFtpRtHf2Bw==",
      "dev": true
    },
    "@types/serve-static": {
      "version": "1.13.1",
      "resolved": "https://registry.npmjs.org/@types/serve-static/-/serve-static-1.13.1.tgz",
      "integrity": "sha512-jDMH+3BQPtvqZVIcsH700Dfi8Q3MIcEx16g/VdxjoqiGR/NntekB10xdBpirMKnPe9z2C5cBmL0vte0YttOr3Q==",
      "dev": true,
      "requires": {
        "@types/express-serve-static-core": "4.11.1",
        "@types/mime": "2.0.0"
      }
    }
  }
}
